
Microsoft Visual Studio Solution File, Format Version 12.00
# Visual Studio Version 16
VisualStudioVersion = 16.0.30517.126
MinimumVisualStudioVersion = 10.0.40219.1
Project("{FAE04EC0-301F-11D3-BF4B-00C04F79EFBC}") = "OOPPet", "OOPPet\OOPPet.csproj", "{16C75F54-42F7-403F-817F-8B5659F90D60}"
EndProject
Project("{FAE04EC0-301F-11D3-BF4B-00C04F79EFBC}") = "OOCCar", "OOCCar\OOCCar.csproj", "{6190DC20-96DB-4094-81E3-CFC735D56A94}"
EndProject
Global
	GlobalSection(SolutionConfigurationPlatforms) = preSolution
		Debug|Any CPU = Debug|Any CPU
		Release|Any CPU = Release|Any CPU
	EndGlobalSection
	GlobalSection(ProjectConfigurationPlatforms) = postSolution
		{16C75F54-42F7-403F-817F-8B5659F90D60}.Debug|Any CPU.ActiveCfg = Debug|Any CPU
		{16C75F54-42F7-403F-817F-8B5659F90D60}.Debug|Any CPU.Build.0 = Debug|Any CPU
		{16C75F54-42F7-403F-817F-8B5659F90D60}.Release|Any CPU.ActiveCfg = Release|Any CPU
		{16C75F54-42F7-403F-817F-8B5659F90D60}.Release|Any CPU.Build.0 = Release|Any CPU
		{6190DC20-96DB-4094-81E3-CFC735D56A94}.Debug|Any CPU.ActiveCfg = Debug|Any CPU
		{6190DC20-96DB-4094-81E3-CFC735D56A94}.Debug|Any CPU.Build.0 = Debug|Any CPU
		{6190DC20-96DB-4094-81E3-CFC735D56A94}.Release|Any CPU.ActiveCfg = Release|Any CPU
		{6190DC20-96DB-4094-81E3-CFC735D56A94}.Release|Any CPU.Build.0 = Release|Any CPU
	EndGlobalSection
	GlobalSection(SolutionProperties) = preSolution
		HideSolutionNode = FALSE
	EndGlobalSection
	GlobalSection(ExtensibilityGlobals) = postSolution
		SolutionGuid = {92462599-89B7-4130-B127-1C9FA03C2515}
	EndGlobalSection
EndGlobal
